# -------------------------------------------------------------------------- #
#
# Copyright (C) 2020  Intel Corporation. All rights reserved.
# Your use of Intel Corporation's design tools, logic functions 
# and other software and tools, and any partner logic 
# functions, and any output files from any of the foregoing 
# (including device programming or simulation files), and any 
# associated documentation or information are expressly subject 
# to the terms and conditions of the Intel Program License 
# Subscription Agreement, the Intel Quartus Prime License Agreement,
# the Intel FPGA IP License Agreement, or other applicable license
# agreement, including, without limitation, that your use is for
# the sole purpose of programming logic devices manufactured by
# Intel and sold by Intel or its authorized distributors.  Please
# refer to the applicable agreement for further details, at
# https://fpgasoftware.intel.com/eula.
#
# -------------------------------------------------------------------------- #
#
# Quartus Prime
# Version 20.1.0 Build 711 06/05/2020 SJ Standard Edition
# Date created = 16:22:38  September 12, 2022
#
# -------------------------------------------------------------------------- #
#
# Notes:
#
# 1) The default values for assignments are stored in the file:
#		dsp_test_assignment_defaults.qdf
#    If this file doesn't exist, see file:
#		assignment_defaults.qdf
#
# 2) Altera recommends that you do not modify this file. This
#    file is updated automatically by the Quartus Prime software
#    and any changes you make may be lost or overwritten.
#
# -------------------------------------------------------------------------- #


set_global_assignment -name FAMILY "Cyclone V"
set_global_assignment -name DEVICE 5CSXFC6D6F31C6
set_global_assignment -name TOP_LEVEL_ENTITY dsp_window
set_global_assignment -name ORIGINAL_QUARTUS_VERSION 20.1.0
set_global_assignment -name PROJECT_CREATION_TIME_DATE "16:22:38  SEPTEMBER 12, 2022"
set_global_assignment -name LAST_QUARTUS_VERSION "20.1.0 Standard Edition"
set_global_assignment -name PROJECT_OUTPUT_DIRECTORY output_files
set_global_assignment -name MIN_CORE_JUNCTION_TEMP 0
set_global_assignment -name MAX_CORE_JUNCTION_TEMP 85
set_global_assignment -name ERROR_CHECK_FREQUENCY_DIVISOR 256
set_global_assignment -name POWER_PRESET_COOLING_SOLUTION "23 MM HEAT SINK WITH 200 LFPM AIRFLOW"
set_global_assignment -name POWER_BOARD_THERMAL_MODEL "NONE (CONSERVATIVE)"
set_location_assignment PIN_AA16 -to CLOCK2_50
set_location_assignment PIN_Y26 -to CLOCK3_50
set_location_assignment PIN_K14 -to CLOCK4_50
set_location_assignment PIN_AF14 -to CLOCK_50
set_location_assignment PIN_AJ4 -to KEY[0]
set_location_assignment PIN_AK4 -to KEY[1]
set_location_assignment PIN_AA14 -to KEY[2]
set_location_assignment PIN_AA15 -to KEY[3]
set_location_assignment PIN_AB30 -to SW[0]
set_location_assignment PIN_Y27 -to SW[1]
set_location_assignment PIN_AB28 -to SW[2]
set_location_assignment PIN_AC30 -to SW[3]
set_location_assignment PIN_W25 -to SW[4]
set_location_assignment PIN_V25 -to SW[5]
set_location_assignment PIN_AC28 -to SW[6]
set_location_assignment PIN_AD30 -to SW[7]
set_location_assignment PIN_AC29 -to SW[8]
set_location_assignment PIN_AA30 -to SW[9]
set_location_assignment PIN_AA24 -to LEDR[0]
set_location_assignment PIN_AB23 -to LEDR[1]
set_location_assignment PIN_AC23 -to LEDR[2]
set_location_assignment PIN_AD24 -to LEDR[3]
set_location_assignment PIN_AG25 -to LEDR[4]
set_location_assignment PIN_AF25 -to LEDR[5]
set_location_assignment PIN_AE24 -to LEDR[6]
set_location_assignment PIN_AF24 -to LEDR[7]
set_location_assignment PIN_AB22 -to LEDR[8]
set_location_assignment PIN_AC22 -to LEDR[9]
set_location_assignment PIN_W17 -to HEX0[0]
set_location_assignment PIN_V18 -to HEX0[1]
set_location_assignment PIN_AG17 -to HEX0[2]
set_location_assignment PIN_AG16 -to HEX0[3]
set_location_assignment PIN_AH17 -to HEX0[4]
set_location_assignment PIN_AG18 -to HEX0[5]
set_location_assignment PIN_AH18 -to HEX0[6]
set_location_assignment PIN_AF16 -to HEX1[0]
set_location_assignment PIN_V16 -to HEX1[1]
set_location_assignment PIN_AE16 -to HEX1[2]
set_location_assignment PIN_AD17 -to HEX1[3]
set_location_assignment PIN_AE18 -to HEX1[4]
set_location_assignment PIN_AE17 -to HEX1[5]
set_location_assignment PIN_V17 -to HEX1[6]
set_location_assignment PIN_AA21 -to HEX2[0]
set_location_assignment PIN_AB17 -to HEX2[1]
set_location_assignment PIN_AA18 -to HEX2[2]
set_location_assignment PIN_Y17 -to HEX2[3]
set_location_assignment PIN_Y18 -to HEX2[4]
set_location_assignment PIN_AF18 -to HEX2[5]
set_location_assignment PIN_W16 -to HEX2[6]
set_location_assignment PIN_Y19 -to HEX3[0]
set_location_assignment PIN_W19 -to HEX3[1]
set_location_assignment PIN_AD19 -to HEX3[2]
set_location_assignment PIN_AA20 -to HEX3[3]
set_location_assignment PIN_AC20 -to HEX3[4]
set_location_assignment PIN_AA19 -to HEX3[5]
set_location_assignment PIN_AD20 -to HEX3[6]
set_location_assignment PIN_AD21 -to HEX4[0]
set_location_assignment PIN_AG22 -to HEX4[1]
set_location_assignment PIN_AE22 -to HEX4[2]
set_location_assignment PIN_AE23 -to HEX4[3]
set_location_assignment PIN_AG23 -to HEX4[4]
set_location_assignment PIN_AF23 -to HEX4[5]
set_location_assignment PIN_AH22 -to HEX4[6]
set_location_assignment PIN_AF21 -to HEX5[0]
set_location_assignment PIN_AG21 -to HEX5[1]
set_location_assignment PIN_AF20 -to HEX5[2]
set_location_assignment PIN_AG20 -to HEX5[3]
set_location_assignment PIN_AE19 -to HEX5[4]
set_location_assignment PIN_AF19 -to HEX5[5]
set_location_assignment PIN_AB21 -to HEX5[6]
set_location_assignment PIN_AK14 -to DRAM_ADDR[0]
set_location_assignment PIN_AH14 -to DRAM_ADDR[1]
set_location_assignment PIN_AG15 -to DRAM_ADDR[2]
set_location_assignment PIN_AE14 -to DRAM_ADDR[3]
set_location_assignment PIN_AB15 -to DRAM_ADDR[4]
set_location_assignment PIN_AC14 -to DRAM_ADDR[5]
set_location_assignment PIN_AD14 -to DRAM_ADDR[6]
set_location_assignment PIN_AF15 -to DRAM_ADDR[7]
set_location_assignment PIN_AH15 -to DRAM_ADDR[8]
set_location_assignment PIN_AG13 -to DRAM_ADDR[9]
set_location_assignment PIN_AG12 -to DRAM_ADDR[10]
set_location_assignment PIN_AH13 -to DRAM_ADDR[11]
set_location_assignment PIN_AJ14 -to DRAM_ADDR[12]
set_location_assignment PIN_AF13 -to DRAM_BA[0]
set_location_assignment PIN_AJ12 -to DRAM_BA[1]
set_location_assignment PIN_AF11 -to DRAM_CAS_N
set_location_assignment PIN_AK13 -to DRAM_CKE
set_location_assignment PIN_AH12 -to DRAM_CLK
set_location_assignment PIN_AG11 -to DRAM_CS_N
set_location_assignment PIN_AK6 -to DRAM_DQ[0]
set_location_assignment PIN_AJ7 -to DRAM_DQ[1]
set_location_assignment PIN_AK7 -to DRAM_DQ[2]
set_location_assignment PIN_AK8 -to DRAM_DQ[3]
set_location_assignment PIN_AK9 -to DRAM_DQ[4]
set_location_assignment PIN_AG10 -to DRAM_DQ[5]
set_location_assignment PIN_AK11 -to DRAM_DQ[6]
set_location_assignment PIN_AJ11 -to DRAM_DQ[7]
set_location_assignment PIN_AH10 -to DRAM_DQ[8]
set_location_assignment PIN_AJ10 -to DRAM_DQ[9]
set_location_assignment PIN_AJ9 -to DRAM_DQ[10]
set_location_assignment PIN_AH9 -to DRAM_DQ[11]
set_location_assignment PIN_AH8 -to DRAM_DQ[12]
set_location_assignment PIN_AH7 -to DRAM_DQ[13]
set_location_assignment PIN_AJ6 -to DRAM_DQ[14]
set_location_assignment PIN_AJ5 -to DRAM_DQ[15]
set_location_assignment PIN_AB13 -to DRAM_LDQM
set_location_assignment PIN_AE13 -to DRAM_RAS_N
set_location_assignment PIN_AK12 -to DRAM_UDQM
set_location_assignment PIN_AA13 -to DRAM_WE_N
set_location_assignment PIN_AC18 -to TD_CLK27
set_location_assignment PIN_AG27 -to TD_DATA[0]
set_location_assignment PIN_AF28 -to TD_DATA[1]
set_location_assignment PIN_AE28 -to TD_DATA[2]
set_location_assignment PIN_AE27 -to TD_DATA[3]
set_location_assignment PIN_AE26 -to TD_DATA[4]
set_location_assignment PIN_AD27 -to TD_DATA[5]
set_location_assignment PIN_AD26 -to TD_DATA[6]
set_location_assignment PIN_AD25 -to TD_DATA[7]
set_location_assignment PIN_AH28 -to TD_HS
set_location_assignment PIN_AC27 -to TD_RESET_N
set_location_assignment PIN_AG28 -to TD_VS
set_location_assignment PIN_AK22 -to VGA_BLANK_N
set_location_assignment PIN_AJ21 -to VGA_B[0]
set_location_assignment PIN_AJ20 -to VGA_B[1]
set_location_assignment PIN_AH20 -to VGA_B[2]
set_location_assignment PIN_AJ19 -to VGA_B[3]
set_location_assignment PIN_AH19 -to VGA_B[4]
set_location_assignment PIN_AJ17 -to VGA_B[5]
set_location_assignment PIN_AJ16 -to VGA_B[6]
set_location_assignment PIN_AK16 -to VGA_B[7]
set_location_assignment PIN_AK21 -to VGA_CLK
set_location_assignment PIN_AK26 -to VGA_G[0]
set_location_assignment PIN_AJ25 -to VGA_G[1]
set_location_assignment PIN_AH25 -to VGA_G[2]
set_location_assignment PIN_AK24 -to VGA_G[3]
set_location_assignment PIN_AJ24 -to VGA_G[4]
set_location_assignment PIN_AH24 -to VGA_G[5]
set_location_assignment PIN_AK23 -to VGA_G[6]
set_location_assignment PIN_AH23 -to VGA_G[7]
set_location_assignment PIN_AK19 -to VGA_HS
set_location_assignment PIN_AK29 -to VGA_R[0]
set_location_assignment PIN_AK28 -to VGA_R[1]
set_location_assignment PIN_AK27 -to VGA_R[2]
set_location_assignment PIN_AJ27 -to VGA_R[3]
set_location_assignment PIN_AH27 -to VGA_R[4]
set_location_assignment PIN_AF26 -to VGA_R[5]
set_location_assignment PIN_AG26 -to VGA_R[6]
set_location_assignment PIN_AJ26 -to VGA_R[7]
set_location_assignment PIN_AJ22 -to VGA_SYNC_N
set_location_assignment PIN_AK18 -to VGA_VS
set_location_assignment PIN_AJ29 -to AUD_ADCDAT
set_location_assignment PIN_AH29 -to AUD_ADCLRCK
set_location_assignment PIN_AF30 -to AUD_BCLK
set_location_assignment PIN_AF29 -to AUD_DACDAT
set_location_assignment PIN_AG30 -to AUD_DACLRCK
set_location_assignment PIN_AH30 -to AUD_XCK
set_location_assignment PIN_AB25 -to PS2_CLK
set_location_assignment PIN_AC25 -to PS2_CLK2
set_location_assignment PIN_AA25 -to PS2_DAT
set_location_assignment PIN_AB26 -to PS2_DAT2
set_location_assignment PIN_Y21 -to ADC_CONVST
set_location_assignment PIN_W22 -to ADC_DIN
set_location_assignment PIN_V23 -to ADC_DOUT
set_location_assignment PIN_W24 -to ADC_SCLK
set_location_assignment PIN_Y24 -to FPGA_I2C_SCLK
set_location_assignment PIN_Y23 -to FPGA_I2C_SDAT
set_location_assignment PIN_W20 -to IRDA_RXD
set_location_assignment PIN_W21 -to IRDA_TXD
set_location_assignment PIN_H15 -to ADA_DCO
set_location_assignment PIN_E2 -to ADA_D[0]
set_location_assignment PIN_E3 -to ADA_D[1]
set_location_assignment PIN_C4 -to ADA_D[2]
set_location_assignment PIN_D5 -to ADA_D[3]
set_location_assignment PIN_C5 -to ADA_D[4]
set_location_assignment PIN_D6 -to ADA_D[5]
set_location_assignment PIN_F6 -to ADA_D[6]
set_location_assignment PIN_G7 -to ADA_D[7]
set_location_assignment PIN_D7 -to ADA_D[8]
set_location_assignment PIN_E8 -to ADA_D[9]
set_location_assignment PIN_A8 -to ADA_D[10]
set_location_assignment PIN_A9 -to ADA_D[11]
set_location_assignment PIN_C9 -to ADA_D[12]
set_location_assignment PIN_C10 -to ADA_D[13]
set_location_assignment PIN_D4 -to ADA_OE
set_location_assignment PIN_E4 -to ADA_OR
set_location_assignment PIN_C3 -to ADA_SPI_CS
set_location_assignment PIN_G15 -to ADB_DCO
set_location_assignment PIN_H7 -to ADB_D[0]
set_location_assignment PIN_J7 -to ADB_D[1]
set_location_assignment PIN_K8 -to ADB_D[2]
set_location_assignment PIN_K7 -to ADB_D[3]
set_location_assignment PIN_J9 -to ADB_D[4]
set_location_assignment PIN_J10 -to ADB_D[5]
set_location_assignment PIN_F10 -to ADB_D[6]
set_location_assignment PIN_G10 -to ADB_D[7]
set_location_assignment PIN_J12 -to ADB_D[8]
set_location_assignment PIN_K12 -to ADB_D[9]
set_location_assignment PIN_G11 -to ADB_D[10]
set_location_assignment PIN_G12 -to ADB_D[11]
set_location_assignment PIN_H12 -to ADB_D[12]
set_location_assignment PIN_H13 -to ADB_D[13]
set_location_assignment PIN_G8 -to ADB_OE
set_location_assignment PIN_H8 -to ADB_OR
set_location_assignment PIN_F9 -to ADB_SPI_CS
set_location_assignment PIN_F8 -to AD_SCLK
set_location_assignment PIN_B3 -to AD_SDIO
set_location_assignment PIN_B13 -to AIC_BCLK
set_location_assignment PIN_C12 -to AIC_DIN
set_location_assignment PIN_H14 -to AIC_DOUT
set_location_assignment PIN_B11 -to AIC_LRCIN
set_location_assignment PIN_G13 -to AIC_LRCOUT
set_location_assignment PIN_A13 -to AIC_SPI_CS
set_location_assignment PIN_F15 -to AIC_XCLK
set_location_assignment PIN_J14 -to CLKIN1
set_location_assignment PIN_AD29 -to CLKOUT0
set_location_assignment PIN_B8 -to DA[0]
set_location_assignment PIN_C8 -to DA[1]
set_location_assignment PIN_B7 -to DA[2]
set_location_assignment PIN_C7 -to DA[3]
set_location_assignment PIN_A5 -to DA[4]
set_location_assignment PIN_A6 -to DA[5]
set_location_assignment PIN_A3 -to DA[6]
set_location_assignment PIN_A4 -to DA[7]
set_location_assignment PIN_B1 -to DA[8]
set_location_assignment PIN_B2 -to DA[9]
set_location_assignment PIN_C2 -to DA[10]
set_location_assignment PIN_D2 -to DA[11]
set_location_assignment PIN_D1 -to DA[12]
set_location_assignment PIN_E1 -to DA[13]
set_location_assignment PIN_E13 -to DB[0]
set_location_assignment PIN_F13 -to DB[1]
set_location_assignment PIN_B12 -to DB[2]
set_location_assignment PIN_C13 -to DB[3]
set_location_assignment PIN_D10 -to DB[4]
set_location_assignment PIN_D11 -to DB[5]
set_location_assignment PIN_D12 -to DB[6]
set_location_assignment PIN_E12 -to DB[7]
set_location_assignment PIN_D9 -to DB[8]
set_location_assignment PIN_E9 -to DB[9]
set_location_assignment PIN_B5 -to DB[10]
set_location_assignment PIN_B6 -to DB[11]
set_location_assignment PIN_E11 -to DB[12]
set_location_assignment PIN_F11 -to DB[13]
set_location_assignment PIN_E6 -to FPGA_CLK_A_N
set_location_assignment PIN_E7 -to FPGA_CLK_A_P
set_location_assignment PIN_A10 -to FPGA_CLK_B_N
set_location_assignment PIN_A11 -to FPGA_CLK_B_P
set_location_assignment PIN_F14 -to J1_152
set_location_assignment PIN_AA28 -to SCL
set_location_assignment PIN_AE29 -to SDA
set_location_assignment PIN_AB27 -to XT_IN_N
set_location_assignment PIN_AA26 -to XT_IN_P
set_global_assignment -name ENABLE_SIGNALTAP ON
set_global_assignment -name USE_SIGNALTAP_FILE stp1.stp
set_global_assignment -name SAVE_DISK_SPACE OFF
set_global_assignment -name TIMING_ANALYZER_MULTICORNER_ANALYSIS OFF
set_global_assignment -name SMART_RECOMPILE ON
set_global_assignment -name FLOW_ENABLE_IO_ASSIGNMENT_ANALYSIS ON
set_global_assignment -name IGNORE_PARTITIONS ON
set_global_assignment -name USE_DLL_FREQUENCY_FOR_DQS_DELAY_CHAIN ON
set_global_assignment -name UNIPHY_SEQUENCER_DQS_CONFIG_ENABLE ON
set_global_assignment -name OPTIMIZATION_MODE BALANCED
set_global_assignment -name NUM_PARALLEL_PROCESSORS ALL
set_instance_assignment -name IO_STANDARD "3.3-V LVTTL" -to CLOCK2_50
set_instance_assignment -name IO_STANDARD "2.5 V" -to CLOCK3_50
set_instance_assignment -name IO_STANDARD "3.3-V LVTTL" -to CLOCK4_50
set_instance_assignment -name IO_STANDARD "3.3-V LVTTL" -to CLOCK_50
set_instance_assignment -name IO_STANDARD "3.3-V LVTTL" -to KEY[0]
set_instance_assignment -name IO_STANDARD "3.3-V LVTTL" -to KEY[1]
set_instance_assignment -name IO_STANDARD "3.3-V LVTTL" -to KEY[2]
set_instance_assignment -name IO_STANDARD "3.3-V LVTTL" -to KEY[3]
set_instance_assignment -name IO_STANDARD "2.5 V" -to SW[0]
set_instance_assignment -name IO_STANDARD "2.5 V" -to SW[1]
set_instance_assignment -name IO_STANDARD "2.5 V" -to SW[2]
set_instance_assignment -name IO_STANDARD "2.5 V" -to SW[3]
set_instance_assignment -name IO_STANDARD "2.5 V" -to SW[4]
set_instance_assignment -name IO_STANDARD "2.5 V" -to SW[5]
set_instance_assignment -name IO_STANDARD "2.5 V" -to SW[6]
set_instance_assignment -name IO_STANDARD "2.5 V" -to SW[7]
set_instance_assignment -name IO_STANDARD "2.5 V" -to SW[8]
set_instance_assignment -name IO_STANDARD "2.5 V" -to SW[9]
set_instance_assignment -name IO_STANDARD "3.3-V LVTTL" -to LEDR[0]
set_instance_assignment -name IO_STANDARD "3.3-V LVTTL" -to LEDR[1]
set_instance_assignment -name IO_STANDARD "3.3-V LVTTL" -to LEDR[2]
set_instance_assignment -name IO_STANDARD "3.3-V LVTTL" -to LEDR[3]
set_instance_assignment -name IO_STANDARD "3.3-V LVTTL" -to LEDR[4]
set_instance_assignment -name IO_STANDARD "3.3-V LVTTL" -to LEDR[5]
set_instance_assignment -name IO_STANDARD "3.3-V LVTTL" -to LEDR[6]
set_instance_assignment -name IO_STANDARD "3.3-V LVTTL" -to LEDR[7]
set_instance_assignment -name IO_STANDARD "3.3-V LVTTL" -to LEDR[8]
set_instance_assignment -name IO_STANDARD "3.3-V LVTTL" -to LEDR[9]
set_instance_assignment -name IO_STANDARD "3.3-V LVTTL" -to HEX0[0]
set_instance_assignment -name IO_STANDARD "3.3-V LVTTL" -to HEX0[1]
set_instance_assignment -name IO_STANDARD "3.3-V LVTTL" -to HEX0[2]
set_instance_assignment -name IO_STANDARD "3.3-V LVTTL" -to HEX0[3]
set_instance_assignment -name IO_STANDARD "3.3-V LVTTL" -to HEX0[4]
set_instance_assignment -name IO_STANDARD "3.3-V LVTTL" -to HEX0[5]
set_instance_assignment -name IO_STANDARD "3.3-V LVTTL" -to HEX0[6]
set_instance_assignment -name IO_STANDARD "3.3-V LVTTL" -to HEX1[0]
set_instance_assignment -name IO_STANDARD "3.3-V LVTTL" -to HEX1[1]
set_instance_assignment -name IO_STANDARD "3.3-V LVTTL" -to HEX1[2]
set_instance_assignment -name IO_STANDARD "3.3-V LVTTL" -to HEX1[3]
set_instance_assignment -name IO_STANDARD "3.3-V LVTTL" -to HEX1[4]
set_instance_assignment -name IO_STANDARD "3.3-V LVTTL" -to HEX1[5]
set_instance_assignment -name IO_STANDARD "3.3-V LVTTL" -to HEX1[6]
set_instance_assignment -name IO_STANDARD "3.3-V LVTTL" -to HEX2[0]
set_instance_assignment -name IO_STANDARD "3.3-V LVTTL" -to HEX2[1]
set_instance_assignment -name IO_STANDARD "3.3-V LVTTL" -to HEX2[2]
set_instance_assignment -name IO_STANDARD "3.3-V LVTTL" -to HEX2[3]
set_instance_assignment -name IO_STANDARD "3.3-V LVTTL" -to HEX2[4]
set_instance_assignment -name IO_STANDARD "3.3-V LVTTL" -to HEX2[5]
set_instance_assignment -name IO_STANDARD "3.3-V LVTTL" -to HEX2[6]
set_instance_assignment -name IO_STANDARD "3.3-V LVTTL" -to HEX3[0]
set_instance_assignment -name IO_STANDARD "3.3-V LVTTL" -to HEX3[1]
set_instance_assignment -name IO_STANDARD "3.3-V LVTTL" -to HEX3[2]
set_instance_assignment -name IO_STANDARD "3.3-V LVTTL" -to HEX3[3]
set_instance_assignment -name IO_STANDARD "3.3-V LVTTL" -to HEX3[4]
set_instance_assignment -name IO_STANDARD "3.3-V LVTTL" -to HEX3[5]
set_instance_assignment -name IO_STANDARD "3.3-V LVTTL" -to HEX3[6]
set_instance_assignment -name IO_STANDARD "3.3-V LVTTL" -to HEX4[0]
set_instance_assignment -name IO_STANDARD "3.3-V LVTTL" -to HEX4[1]
set_instance_assignment -name IO_STANDARD "3.3-V LVTTL" -to HEX4[2]
set_instance_assignment -name IO_STANDARD "3.3-V LVTTL" -to HEX4[3]
set_instance_assignment -name IO_STANDARD "3.3-V LVTTL" -to HEX4[4]
set_instance_assignment -name IO_STANDARD "3.3-V LVTTL" -to HEX4[5]
set_instance_assignment -name IO_STANDARD "3.3-V LVTTL" -to HEX4[6]
set_instance_assignment -name IO_STANDARD "3.3-V LVTTL" -to HEX5[0]
set_instance_assignment -name IO_STANDARD "3.3-V LVTTL" -to HEX5[1]
set_instance_assignment -name IO_STANDARD "3.3-V LVTTL" -to HEX5[2]
set_instance_assignment -name IO_STANDARD "3.3-V LVTTL" -to HEX5[3]
set_instance_assignment -name IO_STANDARD "3.3-V LVTTL" -to HEX5[4]
set_instance_assignment -name IO_STANDARD "3.3-V LVTTL" -to HEX5[5]
set_instance_assignment -name IO_STANDARD "3.3-V LVTTL" -to HEX5[6]
set_instance_assignment -name IO_STANDARD "3.3-V LVTTL" -to DRAM_ADDR[0]
set_instance_assignment -name IO_STANDARD "3.3-V LVTTL" -to DRAM_ADDR[1]
set_instance_assignment -name IO_STANDARD "3.3-V LVTTL" -to DRAM_ADDR[2]
set_instance_assignment -name IO_STANDARD "3.3-V LVTTL" -to DRAM_ADDR[3]
set_instance_assignment -name IO_STANDARD "3.3-V LVTTL" -to DRAM_ADDR[4]
set_instance_assignment -name IO_STANDARD "3.3-V LVTTL" -to DRAM_ADDR[5]
set_instance_assignment -name IO_STANDARD "3.3-V LVTTL" -to DRAM_ADDR[6]
set_instance_assignment -name IO_STANDARD "3.3-V LVTTL" -to DRAM_ADDR[7]
set_instance_assignment -name IO_STANDARD "3.3-V LVTTL" -to DRAM_ADDR[8]
set_instance_assignment -name IO_STANDARD "3.3-V LVTTL" -to DRAM_ADDR[9]
set_instance_assignment -name IO_STANDARD "3.3-V LVTTL" -to DRAM_ADDR[10]
set_instance_assignment -name IO_STANDARD "3.3-V LVTTL" -to DRAM_ADDR[11]
set_instance_assignment -name IO_STANDARD "3.3-V LVTTL" -to DRAM_ADDR[12]
set_instance_assignment -name IO_STANDARD "3.3-V LVTTL" -to DRAM_BA[0]
set_instance_assignment -name IO_STANDARD "3.3-V LVTTL" -to DRAM_BA[1]
set_instance_assignment -name IO_STANDARD "3.3-V LVTTL" -to DRAM_CAS_N
set_instance_assignment -name IO_STANDARD "3.3-V LVTTL" -to DRAM_CKE
set_instance_assignment -name IO_STANDARD "3.3-V LVTTL" -to DRAM_CLK
set_instance_assignment -name IO_STANDARD "3.3-V LVTTL" -to DRAM_CS_N
set_instance_assignment -name IO_STANDARD "3.3-V LVTTL" -to DRAM_DQ[0]
set_instance_assignment -name IO_STANDARD "3.3-V LVTTL" -to DRAM_DQ[1]
set_instance_assignment -name IO_STANDARD "3.3-V LVTTL" -to DRAM_DQ[2]
set_instance_assignment -name IO_STANDARD "3.3-V LVTTL" -to DRAM_DQ[3]
set_instance_assignment -name IO_STANDARD "3.3-V LVTTL" -to DRAM_DQ[4]
set_instance_assignment -name IO_STANDARD "3.3-V LVTTL" -to DRAM_DQ[5]
set_instance_assignment -name IO_STANDARD "3.3-V LVTTL" -to DRAM_DQ[6]
set_instance_assignment -name IO_STANDARD "3.3-V LVTTL" -to DRAM_DQ[7]
set_instance_assignment -name IO_STANDARD "3.3-V LVTTL" -to DRAM_DQ[8]
set_instance_assignment -name IO_STANDARD "3.3-V LVTTL" -to DRAM_DQ[9]
set_instance_assignment -name IO_STANDARD "3.3-V LVTTL" -to DRAM_DQ[10]
set_instance_assignment -name IO_STANDARD "3.3-V LVTTL" -to DRAM_DQ[11]
set_instance_assignment -name IO_STANDARD "3.3-V LVTTL" -to DRAM_DQ[12]
set_instance_assignment -name IO_STANDARD "3.3-V LVTTL" -to DRAM_DQ[13]
set_instance_assignment -name IO_STANDARD "3.3-V LVTTL" -to DRAM_DQ[14]
set_instance_assignment -name IO_STANDARD "3.3-V LVTTL" -to DRAM_DQ[15]
set_instance_assignment -name IO_STANDARD "3.3-V LVTTL" -to DRAM_LDQM
set_instance_assignment -name IO_STANDARD "3.3-V LVTTL" -to DRAM_RAS_N
set_instance_assignment -name IO_STANDARD "3.3-V LVTTL" -to DRAM_UDQM
set_instance_assignment -name IO_STANDARD "3.3-V LVTTL" -to DRAM_WE_N
set_instance_assignment -name IO_STANDARD "3.3-V LVTTL" -to TD_CLK27
set_instance_assignment -name IO_STANDARD "3.3-V LVTTL" -to TD_DATA[0]
set_instance_assignment -name IO_STANDARD "3.3-V LVTTL" -to TD_DATA[1]
set_instance_assignment -name IO_STANDARD "3.3-V LVTTL" -to TD_DATA[2]
set_instance_assignment -name IO_STANDARD "3.3-V LVTTL" -to TD_DATA[3]
set_instance_assignment -name IO_STANDARD "3.3-V LVTTL" -to TD_DATA[4]
set_instance_assignment -name IO_STANDARD "3.3-V LVTTL" -to TD_DATA[5]
set_instance_assignment -name IO_STANDARD "3.3-V LVTTL" -to TD_DATA[6]
set_instance_assignment -name IO_STANDARD "3.3-V LVTTL" -to TD_DATA[7]
set_instance_assignment -name IO_STANDARD "3.3-V LVTTL" -to TD_HS
set_instance_assignment -name IO_STANDARD "3.3-V LVTTL" -to TD_RESET_N
set_instance_assignment -name IO_STANDARD "3.3-V LVTTL" -to TD_VS
set_instance_assignment -name IO_STANDARD "3.3-V LVTTL" -to VGA_BLANK_N
set_instance_assignment -name IO_STANDARD "3.3-V LVTTL" -to VGA_B[0]
set_instance_assignment -name IO_STANDARD "3.3-V LVTTL" -to VGA_B[1]
set_instance_assignment -name IO_STANDARD "3.3-V LVTTL" -to VGA_B[2]
set_instance_assignment -name IO_STANDARD "3.3-V LVTTL" -to VGA_B[3]
set_instance_assignment -name IO_STANDARD "3.3-V LVTTL" -to VGA_B[4]
set_instance_assignment -name IO_STANDARD "3.3-V LVTTL" -to VGA_B[5]
set_instance_assignment -name IO_STANDARD "3.3-V LVTTL" -to VGA_B[6]
set_instance_assignment -name IO_STANDARD "3.3-V LVTTL" -to VGA_B[7]
set_instance_assignment -name IO_STANDARD "3.3-V LVTTL" -to VGA_CLK
set_instance_assignment -name IO_STANDARD "3.3-V LVTTL" -to VGA_G[0]
set_instance_assignment -name IO_STANDARD "3.3-V LVTTL" -to VGA_G[1]
set_instance_assignment -name IO_STANDARD "3.3-V LVTTL" -to VGA_G[2]
set_instance_assignment -name IO_STANDARD "3.3-V LVTTL" -to VGA_G[3]
set_instance_assignment -name IO_STANDARD "3.3-V LVTTL" -to VGA_G[4]
set_instance_assignment -name IO_STANDARD "3.3-V LVTTL" -to VGA_G[5]
set_instance_assignment -name IO_STANDARD "3.3-V LVTTL" -to VGA_G[6]
set_instance_assignment -name IO_STANDARD "3.3-V LVTTL" -to VGA_G[7]
set_instance_assignment -name IO_STANDARD "3.3-V LVTTL" -to VGA_HS
set_instance_assignment -name IO_STANDARD "3.3-V LVTTL" -to VGA_R[0]
set_instance_assignment -name IO_STANDARD "3.3-V LVTTL" -to VGA_R[1]
set_instance_assignment -name IO_STANDARD "3.3-V LVTTL" -to VGA_R[2]
set_instance_assignment -name IO_STANDARD "3.3-V LVTTL" -to VGA_R[3]
set_instance_assignment -name IO_STANDARD "3.3-V LVTTL" -to VGA_R[4]
set_instance_assignment -name IO_STANDARD "3.3-V LVTTL" -to VGA_R[5]
set_instance_assignment -name IO_STANDARD "3.3-V LVTTL" -to VGA_R[6]
set_instance_assignment -name IO_STANDARD "3.3-V LVTTL" -to VGA_R[7]
set_instance_assignment -name IO_STANDARD "3.3-V LVTTL" -to VGA_SYNC_N
set_instance_assignment -name IO_STANDARD "3.3-V LVTTL" -to VGA_VS
set_instance_assignment -name IO_STANDARD "3.3-V LVTTL" -to AUD_ADCDAT
set_instance_assignment -name IO_STANDARD "3.3-V LVTTL" -to AUD_ADCLRCK
set_instance_assignment -name IO_STANDARD "3.3-V LVTTL" -to AUD_BCLK
set_instance_assignment -name IO_STANDARD "3.3-V LVTTL" -to AUD_DACDAT
set_instance_assignment -name IO_STANDARD "3.3-V LVTTL" -to AUD_DACLRCK
set_instance_assignment -name IO_STANDARD "3.3-V LVTTL" -to AUD_XCK
set_instance_assignment -name IO_STANDARD "3.3-V LVTTL" -to PS2_CLK
set_instance_assignment -name IO_STANDARD "3.3-V LVTTL" -to PS2_CLK2
set_instance_assignment -name IO_STANDARD "3.3-V LVTTL" -to PS2_DAT
set_instance_assignment -name IO_STANDARD "3.3-V LVTTL" -to PS2_DAT2
set_instance_assignment -name IO_STANDARD "3.3-V LVTTL" -to ADC_CONVST
set_instance_assignment -name IO_STANDARD "3.3-V LVTTL" -to ADC_DIN
set_instance_assignment -name IO_STANDARD "3.3-V LVTTL" -to ADC_DOUT
set_instance_assignment -name IO_STANDARD "3.3-V LVTTL" -to ADC_SCLK
set_instance_assignment -name IO_STANDARD "3.3-V LVTTL" -to FPGA_I2C_SCLK
set_instance_assignment -name IO_STANDARD "3.3-V LVTTL" -to FPGA_I2C_SDAT
set_instance_assignment -name IO_STANDARD "3.3-V LVTTL" -to IRDA_RXD
set_instance_assignment -name IO_STANDARD "3.3-V LVTTL" -to IRDA_TXD
set_instance_assignment -name IO_STANDARD "2.5 V" -to ADA_DCO
set_instance_assignment -name IO_STANDARD "2.5 V" -to ADA_D[0]
set_instance_assignment -name IO_STANDARD "2.5 V" -to ADA_D[1]
set_instance_assignment -name IO_STANDARD "2.5 V" -to ADA_D[2]
set_instance_assignment -name IO_STANDARD "2.5 V" -to ADA_D[3]
set_instance_assignment -name IO_STANDARD "2.5 V" -to ADA_D[4]
set_instance_assignment -name IO_STANDARD "2.5 V" -to ADA_D[5]
set_instance_assignment -name IO_STANDARD "2.5 V" -to ADA_D[6]
set_instance_assignment -name IO_STANDARD "2.5 V" -to ADA_D[7]
set_instance_assignment -name IO_STANDARD "2.5 V" -to ADA_D[8]
set_instance_assignment -name IO_STANDARD "2.5 V" -to ADA_D[9]
set_instance_assignment -name IO_STANDARD "2.5 V" -to ADA_D[10]
set_instance_assignment -name IO_STANDARD "2.5 V" -to ADA_D[11]
set_instance_assignment -name IO_STANDARD "2.5 V" -to ADA_D[12]
set_instance_assignment -name IO_STANDARD "2.5 V" -to ADA_D[13]
set_instance_assignment -name IO_STANDARD "2.5 V" -to ADA_OE
set_instance_assignment -name IO_STANDARD "2.5 V" -to ADA_OR
set_instance_assignment -name IO_STANDARD "2.5 V" -to ADA_SPI_CS
set_instance_assignment -name IO_STANDARD "2.5 V" -to ADB_DCO
set_instance_assignment -name IO_STANDARD "2.5 V" -to ADB_D[0]
set_instance_assignment -name IO_STANDARD "2.5 V" -to ADB_D[1]
set_instance_assignment -name IO_STANDARD "2.5 V" -to ADB_D[2]
set_instance_assignment -name IO_STANDARD "2.5 V" -to ADB_D[3]
set_instance_assignment -name IO_STANDARD "2.5 V" -to ADB_D[4]
set_instance_assignment -name IO_STANDARD "2.5 V" -to ADB_D[5]
set_instance_assignment -name IO_STANDARD "2.5 V" -to ADB_D[6]
set_instance_assignment -name IO_STANDARD "2.5 V" -to ADB_D[7]
set_instance_assignment -name IO_STANDARD "2.5 V" -to ADB_D[8]
set_instance_assignment -name IO_STANDARD "2.5 V" -to ADB_D[9]
set_instance_assignment -name IO_STANDARD "2.5 V" -to ADB_D[10]
set_instance_assignment -name IO_STANDARD "2.5 V" -to ADB_D[11]
set_instance_assignment -name IO_STANDARD "2.5 V" -to ADB_D[12]
set_instance_assignment -name IO_STANDARD "2.5 V" -to ADB_D[13]
set_instance_assignment -name IO_STANDARD "2.5 V" -to ADB_OE
set_instance_assignment -name IO_STANDARD "2.5 V" -to ADB_OR
set_instance_assignment -name IO_STANDARD "2.5 V" -to ADB_SPI_CS
set_instance_assignment -name IO_STANDARD "2.5 V" -to AD_SCLK
set_instance_assignment -name IO_STANDARD "2.5 V" -to AD_SDIO
set_instance_assignment -name IO_STANDARD "2.5 V" -to AIC_BCLK
set_instance_assignment -name IO_STANDARD "2.5 V" -to AIC_DIN
set_instance_assignment -name IO_STANDARD "2.5 V" -to AIC_DOUT
set_instance_assignment -name IO_STANDARD "2.5 V" -to AIC_LRCIN
set_instance_assignment -name IO_STANDARD "2.5 V" -to AIC_LRCOUT
set_instance_assignment -name IO_STANDARD "2.5 V" -to AIC_SPI_CS
set_instance_assignment -name IO_STANDARD "2.5 V" -to AIC_XCLK
set_instance_assignment -name IO_STANDARD "2.5 V" -to CLKIN1
set_instance_assignment -name IO_STANDARD "2.5 V" -to CLKOUT0
set_instance_assignment -name IO_STANDARD "2.5 V" -to DA[0]
set_instance_assignment -name IO_STANDARD "2.5 V" -to DA[1]
set_instance_assignment -name IO_STANDARD "2.5 V" -to DA[2]
set_instance_assignment -name IO_STANDARD "2.5 V" -to DA[3]
set_instance_assignment -name IO_STANDARD "2.5 V" -to DA[4]
set_instance_assignment -name IO_STANDARD "2.5 V" -to DA[5]
set_instance_assignment -name IO_STANDARD "2.5 V" -to DA[6]
set_instance_assignment -name IO_STANDARD "2.5 V" -to DA[7]
set_instance_assignment -name IO_STANDARD "2.5 V" -to DA[8]
set_instance_assignment -name IO_STANDARD "2.5 V" -to DA[9]
set_instance_assignment -name IO_STANDARD "2.5 V" -to DA[10]
set_instance_assignment -name IO_STANDARD "2.5 V" -to DA[11]
set_instance_assignment -name IO_STANDARD "2.5 V" -to DA[12]
set_instance_assignment -name IO_STANDARD "2.5 V" -to DA[13]
set_instance_assignment -name IO_STANDARD "2.5 V" -to DB[0]
set_instance_assignment -name IO_STANDARD "2.5 V" -to DB[1]
set_instance_assignment -name IO_STANDARD "2.5 V" -to DB[2]
set_instance_assignment -name IO_STANDARD "2.5 V" -to DB[3]
set_instance_assignment -name IO_STANDARD "2.5 V" -to DB[4]
set_instance_assignment -name IO_STANDARD "2.5 V" -to DB[5]
set_instance_assignment -name IO_STANDARD "2.5 V" -to DB[6]
set_instance_assignment -name IO_STANDARD "2.5 V" -to DB[7]
set_instance_assignment -name IO_STANDARD "2.5 V" -to DB[8]
set_instance_assignment -name IO_STANDARD "2.5 V" -to DB[9]
set_instance_assignment -name IO_STANDARD "2.5 V" -to DB[10]
set_instance_assignment -name IO_STANDARD "2.5 V" -to DB[11]
set_instance_assignment -name IO_STANDARD "2.5 V" -to DB[12]
set_instance_assignment -name IO_STANDARD "2.5 V" -to DB[13]
set_instance_assignment -name IO_STANDARD "2.5 V" -to FPGA_CLK_A_N
set_instance_assignment -name IO_STANDARD "2.5 V" -to FPGA_CLK_A_P
set_instance_assignment -name IO_STANDARD "2.5 V" -to FPGA_CLK_B_N
set_instance_assignment -name IO_STANDARD "2.5 V" -to FPGA_CLK_B_P
set_instance_assignment -name IO_STANDARD "2.5 V" -to J1_152
set_instance_assignment -name IO_STANDARD "2.5 V" -to SCL
set_instance_assignment -name IO_STANDARD "2.5 V" -to SDA
set_instance_assignment -name IO_STANDARD "2.5 V" -to XT_IN_N
set_instance_assignment -name IO_STANDARD "2.5 V" -to XT_IN_P
set_instance_assignment -name IO_STANDARD "SSTL-15 CLASS I" -to HPS_DDR3_RZQ -tag __hps_sdram_p0
set_instance_assignment -name IO_STANDARD "SSTL-15 CLASS I" -to HPS_DDR3_DQ[0] -tag __hps_sdram_p0
set_instance_assignment -name INPUT_TERMINATION "PARALLEL 50 OHM WITH CALIBRATION" -to HPS_DDR3_DQ[0] -tag __hps_sdram_p0
set_instance_assignment -name OUTPUT_TERMINATION "SERIES 50 OHM WITH CALIBRATION" -to HPS_DDR3_DQ[0] -tag __hps_sdram_p0
set_instance_assignment -name IO_STANDARD "SSTL-15 CLASS I" -to HPS_DDR3_DQ[1] -tag __hps_sdram_p0
set_instance_assignment -name INPUT_TERMINATION "PARALLEL 50 OHM WITH CALIBRATION" -to HPS_DDR3_DQ[1] -tag __hps_sdram_p0
set_instance_assignment -name OUTPUT_TERMINATION "SERIES 50 OHM WITH CALIBRATION" -to HPS_DDR3_DQ[1] -tag __hps_sdram_p0
set_instance_assignment -name IO_STANDARD "SSTL-15 CLASS I" -to HPS_DDR3_DQ[2] -tag __hps_sdram_p0
set_instance_assignment -name INPUT_TERMINATION "PARALLEL 50 OHM WITH CALIBRATION" -to HPS_DDR3_DQ[2] -tag __hps_sdram_p0
set_instance_assignment -name OUTPUT_TERMINATION "SERIES 50 OHM WITH CALIBRATION" -to HPS_DDR3_DQ[2] -tag __hps_sdram_p0
set_instance_assignment -name IO_STANDARD "SSTL-15 CLASS I" -to HPS_DDR3_DQ[3] -tag __hps_sdram_p0
set_instance_assignment -name INPUT_TERMINATION "PARALLEL 50 OHM WITH CALIBRATION" -to HPS_DDR3_DQ[3] -tag __hps_sdram_p0
set_instance_assignment -name OUTPUT_TERMINATION "SERIES 50 OHM WITH CALIBRATION" -to HPS_DDR3_DQ[3] -tag __hps_sdram_p0
set_instance_assignment -name IO_STANDARD "SSTL-15 CLASS I" -to HPS_DDR3_DQ[4] -tag __hps_sdram_p0
set_instance_assignment -name INPUT_TERMINATION "PARALLEL 50 OHM WITH CALIBRATION" -to HPS_DDR3_DQ[4] -tag __hps_sdram_p0
set_instance_assignment -name OUTPUT_TERMINATION "SERIES 50 OHM WITH CALIBRATION" -to HPS_DDR3_DQ[4] -tag __hps_sdram_p0
set_instance_assignment -name IO_STANDARD "SSTL-15 CLASS I" -to HPS_DDR3_DQ[5] -tag __hps_sdram_p0
set_instance_assignment -name INPUT_TERMINATION "PARALLEL 50 OHM WITH CALIBRATION" -to HPS_DDR3_DQ[5] -tag __hps_sdram_p0
set_instance_assignment -name OUTPUT_TERMINATION "SERIES 50 OHM WITH CALIBRATION" -to HPS_DDR3_DQ[5] -tag __hps_sdram_p0
set_instance_assignment -name IO_STANDARD "SSTL-15 CLASS I" -to HPS_DDR3_DQ[6] -tag __hps_sdram_p0
set_instance_assignment -name INPUT_TERMINATION "PARALLEL 50 OHM WITH CALIBRATION" -to HPS_DDR3_DQ[6] -tag __hps_sdram_p0
set_instance_assignment -name OUTPUT_TERMINATION "SERIES 50 OHM WITH CALIBRATION" -to HPS_DDR3_DQ[6] -tag __hps_sdram_p0
set_instance_assignment -name IO_STANDARD "SSTL-15 CLASS I" -to HPS_DDR3_DQ[7] -tag __hps_sdram_p0
set_instance_assignment -name INPUT_TERMINATION "PARALLEL 50 OHM WITH CALIBRATION" -to HPS_DDR3_DQ[7] -tag __hps_sdram_p0
set_instance_assignment -name OUTPUT_TERMINATION "SERIES 50 OHM WITH CALIBRATION" -to HPS_DDR3_DQ[7] -tag __hps_sdram_p0
set_instance_assignment -name IO_STANDARD "SSTL-15 CLASS I" -to HPS_DDR3_DQ[8] -tag __hps_sdram_p0
set_instance_assignment -name INPUT_TERMINATION "PARALLEL 50 OHM WITH CALIBRATION" -to HPS_DDR3_DQ[8] -tag __hps_sdram_p0
set_instance_assignment -name OUTPUT_TERMINATION "SERIES 50 OHM WITH CALIBRATION" -to HPS_DDR3_DQ[8] -tag __hps_sdram_p0
set_instance_assignment -name IO_STANDARD "SSTL-15 CLASS I" -to HPS_DDR3_DQ[9] -tag __hps_sdram_p0
set_instance_assignment -name INPUT_TERMINATION "PARALLEL 50 OHM WITH CALIBRATION" -to HPS_DDR3_DQ[9] -tag __hps_sdram_p0
set_instance_assignment -name OUTPUT_TERMINATION "SERIES 50 OHM WITH CALIBRATION" -to HPS_DDR3_DQ[9] -tag __hps_sdram_p0
set_instance_assignment -name IO_STANDARD "SSTL-15 CLASS I" -to HPS_DDR3_DQ[10] -tag __hps_sdram_p0
set_instance_assignment -name INPUT_TERMINATION "PARALLEL 50 OHM WITH CALIBRATION" -to HPS_DDR3_DQ[10] -tag __hps_sdram_p0
set_instance_assignment -name OUTPUT_TERMINATION "SERIES 50 OHM WITH CALIBRATION" -to HPS_DDR3_DQ[10] -tag __hps_sdram_p0
set_instance_assignment -name IO_STANDARD "SSTL-15 CLASS I" -to HPS_DDR3_DQ[11] -tag __hps_sdram_p0
set_instance_assignment -name INPUT_TERMINATION "PARALLEL 50 OHM WITH CALIBRATION" -to HPS_DDR3_DQ[11] -tag __hps_sdram_p0
set_instance_assignment -name OUTPUT_TERMINATION "SERIES 50 OHM WITH CALIBRATION" -to HPS_DDR3_DQ[11] -tag __hps_sdram_p0
set_instance_assignment -name IO_STANDARD "SSTL-15 CLASS I" -to HPS_DDR3_DQ[12] -tag __hps_sdram_p0
set_instance_assignment -name INPUT_TERMINATION "PARALLEL 50 OHM WITH CALIBRATION" -to HPS_DDR3_DQ[12] -tag __hps_sdram_p0
set_instance_assignment -name OUTPUT_TERMINATION "SERIES 50 OHM WITH CALIBRATION" -to HPS_DDR3_DQ[12] -tag __hps_sdram_p0
set_instance_assignment -name IO_STANDARD "SSTL-15 CLASS I" -to HPS_DDR3_DQ[13] -tag __hps_sdram_p0
set_instance_assignment -name INPUT_TERMINATION "PARALLEL 50 OHM WITH CALIBRATION" -to HPS_DDR3_DQ[13] -tag __hps_sdram_p0
set_instance_assignment -name OUTPUT_TERMINATION "SERIES 50 OHM WITH CALIBRATION" -to HPS_DDR3_DQ[13] -tag __hps_sdram_p0
set_instance_assignment -name IO_STANDARD "SSTL-15 CLASS I" -to HPS_DDR3_DQ[14] -tag __hps_sdram_p0
set_instance_assignment -name INPUT_TERMINATION "PARALLEL 50 OHM WITH CALIBRATION" -to HPS_DDR3_DQ[14] -tag __hps_sdram_p0
set_instance_assignment -name OUTPUT_TERMINATION "SERIES 50 OHM WITH CALIBRATION" -to HPS_DDR3_DQ[14] -tag __hps_sdram_p0
set_instance_assignment -name IO_STANDARD "SSTL-15 CLASS I" -to HPS_DDR3_DQ[15] -tag __hps_sdram_p0
set_instance_assignment -name INPUT_TERMINATION "PARALLEL 50 OHM WITH CALIBRATION" -to HPS_DDR3_DQ[15] -tag __hps_sdram_p0
set_instance_assignment -name OUTPUT_TERMINATION "SERIES 50 OHM WITH CALIBRATION" -to HPS_DDR3_DQ[15] -tag __hps_sdram_p0
set_instance_assignment -name IO_STANDARD "SSTL-15 CLASS I" -to HPS_DDR3_DQ[16] -tag __hps_sdram_p0
set_instance_assignment -name INPUT_TERMINATION "PARALLEL 50 OHM WITH CALIBRATION" -to HPS_DDR3_DQ[16] -tag __hps_sdram_p0
set_instance_assignment -name OUTPUT_TERMINATION "SERIES 50 OHM WITH CALIBRATION" -to HPS_DDR3_DQ[16] -tag __hps_sdram_p0
set_instance_assignment -name IO_STANDARD "SSTL-15 CLASS I" -to HPS_DDR3_DQ[17] -tag __hps_sdram_p0
set_instance_assignment -name INPUT_TERMINATION "PARALLEL 50 OHM WITH CALIBRATION" -to HPS_DDR3_DQ[17] -tag __hps_sdram_p0
set_instance_assignment -name OUTPUT_TERMINATION "SERIES 50 OHM WITH CALIBRATION" -to HPS_DDR3_DQ[17] -tag __hps_sdram_p0
set_instance_assignment -name IO_STANDARD "SSTL-15 CLASS I" -to HPS_DDR3_DQ[18] -tag __hps_sdram_p0
set_instance_assignment -name INPUT_TERMINATION "PARALLEL 50 OHM WITH CALIBRATION" -to HPS_DDR3_DQ[18] -tag __hps_sdram_p0
set_instance_assignment -name OUTPUT_TERMINATION "SERIES 50 OHM WITH CALIBRATION" -to HPS_DDR3_DQ[18] -tag __hps_sdram_p0
set_instance_assignment -name IO_STANDARD "SSTL-15 CLASS I" -to HPS_DDR3_DQ[19] -tag __hps_sdram_p0
set_instance_assignment -name INPUT_TERMINATION "PARALLEL 50 OHM WITH CALIBRATION" -to HPS_DDR3_DQ[19] -tag __hps_sdram_p0
set_instance_assignment -name OUTPUT_TERMINATION "SERIES 50 OHM WITH CALIBRATION" -to HPS_DDR3_DQ[19] -tag __hps_sdram_p0
set_instance_assignment -name IO_STANDARD "SSTL-15 CLASS I" -to HPS_DDR3_DQ[20] -tag __hps_sdram_p0
set_instance_assignment -name INPUT_TERMINATION "PARALLEL 50 OHM WITH CALIBRATION" -to HPS_DDR3_DQ[20] -tag __hps_sdram_p0
set_instance_assignment -name OUTPUT_TERMINATION "SERIES 50 OHM WITH CALIBRATION" -to HPS_DDR3_DQ[20] -tag __hps_sdram_p0
set_instance_assignment -name IO_STANDARD "SSTL-15 CLASS I" -to HPS_DDR3_DQ[21] -tag __hps_sdram_p0
set_instance_assignment -name INPUT_TERMINATION "PARALLEL 50 OHM WITH CALIBRATION" -to HPS_DDR3_DQ[21] -tag __hps_sdram_p0
set_instance_assignment -name OUTPUT_TERMINATION "SERIES 50 OHM WITH CALIBRATION" -to HPS_DDR3_DQ[21] -tag __hps_sdram_p0
set_instance_assignment -name IO_STANDARD "SSTL-15 CLASS I" -to HPS_DDR3_DQ[22] -tag __hps_sdram_p0
set_instance_assignment -name INPUT_TERMINATION "PARALLEL 50 OHM WITH CALIBRATION" -to HPS_DDR3_DQ[22] -tag __hps_sdram_p0
set_instance_assignment -name OUTPUT_TERMINATION "SERIES 50 OHM WITH CALIBRATION" -to HPS_DDR3_DQ[22] -tag __hps_sdram_p0
set_instance_assignment -name IO_STANDARD "SSTL-15 CLASS I" -to HPS_DDR3_DQ[23] -tag __hps_sdram_p0
set_instance_assignment -name INPUT_TERMINATION "PARALLEL 50 OHM WITH CALIBRATION" -to HPS_DDR3_DQ[23] -tag __hps_sdram_p0
set_instance_assignment -name OUTPUT_TERMINATION "SERIES 50 OHM WITH CALIBRATION" -to HPS_DDR3_DQ[23] -tag __hps_sdram_p0
set_instance_assignment -name IO_STANDARD "SSTL-15 CLASS I" -to HPS_DDR3_DQ[24] -tag __hps_sdram_p0
set_instance_assignment -name INPUT_TERMINATION "PARALLEL 50 OHM WITH CALIBRATION" -to HPS_DDR3_DQ[24] -tag __hps_sdram_p0
set_instance_assignment -name OUTPUT_TERMINATION "SERIES 50 OHM WITH CALIBRATION" -to HPS_DDR3_DQ[24] -tag __hps_sdram_p0
set_instance_assignment -name IO_STANDARD "SSTL-15 CLASS I" -to HPS_DDR3_DQ[25] -tag __hps_sdram_p0
set_instance_assignment -name INPUT_TERMINATION "PARALLEL 50 OHM WITH CALIBRATION" -to HPS_DDR3_DQ[25] -tag __hps_sdram_p0
set_instance_assignment -name OUTPUT_TERMINATION "SERIES 50 OHM WITH CALIBRATION" -to HPS_DDR3_DQ[25] -tag __hps_sdram_p0
set_instance_assignment -name IO_STANDARD "SSTL-15 CLASS I" -to HPS_DDR3_DQ[26] -tag __hps_sdram_p0
set_instance_assignment -name INPUT_TERMINATION "PARALLEL 50 OHM WITH CALIBRATION" -to HPS_DDR3_DQ[26] -tag __hps_sdram_p0
set_instance_assignment -name OUTPUT_TERMINATION "SERIES 50 OHM WITH CALIBRATION" -to HPS_DDR3_DQ[26] -tag __hps_sdram_p0
set_instance_assignment -name IO_STANDARD "SSTL-15 CLASS I" -to HPS_DDR3_DQ[27] -tag __hps_sdram_p0
set_instance_assignment -name INPUT_TERMINATION "PARALLEL 50 OHM WITH CALIBRATION" -to HPS_DDR3_DQ[27] -tag __hps_sdram_p0
set_instance_assignment -name OUTPUT_TERMINATION "SERIES 50 OHM WITH CALIBRATION" -to HPS_DDR3_DQ[27] -tag __hps_sdram_p0
set_instance_assignment -name IO_STANDARD "SSTL-15 CLASS I" -to HPS_DDR3_DQ[28] -tag __hps_sdram_p0
set_instance_assignment -name INPUT_TERMINATION "PARALLEL 50 OHM WITH CALIBRATION" -to HPS_DDR3_DQ[28] -tag __hps_sdram_p0
set_instance_assignment -name OUTPUT_TERMINATION "SERIES 50 OHM WITH CALIBRATION" -to HPS_DDR3_DQ[28] -tag __hps_sdram_p0
set_instance_assignment -name IO_STANDARD "SSTL-15 CLASS I" -to HPS_DDR3_DQ[29] -tag __hps_sdram_p0
set_instance_assignment -name INPUT_TERMINATION "PARALLEL 50 OHM WITH CALIBRATION" -to HPS_DDR3_DQ[29] -tag __hps_sdram_p0
set_instance_assignment -name OUTPUT_TERMINATION "SERIES 50 OHM WITH CALIBRATION" -to HPS_DDR3_DQ[29] -tag __hps_sdram_p0
set_instance_assignment -name IO_STANDARD "SSTL-15 CLASS I" -to HPS_DDR3_DQ[30] -tag __hps_sdram_p0
set_instance_assignment -name INPUT_TERMINATION "PARALLEL 50 OHM WITH CALIBRATION" -to HPS_DDR3_DQ[30] -tag __hps_sdram_p0
set_instance_assignment -name OUTPUT_TERMINATION "SERIES 50 OHM WITH CALIBRATION" -to HPS_DDR3_DQ[30] -tag __hps_sdram_p0
set_instance_assignment -name IO_STANDARD "SSTL-15 CLASS I" -to HPS_DDR3_DQ[31] -tag __hps_sdram_p0
set_instance_assignment -name INPUT_TERMINATION "PARALLEL 50 OHM WITH CALIBRATION" -to HPS_DDR3_DQ[31] -tag __hps_sdram_p0
set_instance_assignment -name OUTPUT_TERMINATION "SERIES 50 OHM WITH CALIBRATION" -to HPS_DDR3_DQ[31] -tag __hps_sdram_p0
set_instance_assignment -name IO_STANDARD "DIFFERENTIAL 1.5-V SSTL CLASS I" -to HPS_DDR3_DQS_P[0] -tag __hps_sdram_p0
set_instance_assignment -name INPUT_TERMINATION "PARALLEL 50 OHM WITH CALIBRATION" -to HPS_DDR3_DQS_P[0] -tag __hps_sdram_p0
set_instance_assignment -name OUTPUT_TERMINATION "SERIES 50 OHM WITH CALIBRATION" -to HPS_DDR3_DQS_P[0] -tag __hps_sdram_p0
set_instance_assignment -name IO_STANDARD "DIFFERENTIAL 1.5-V SSTL CLASS I" -to HPS_DDR3_DQS_P[1] -tag __hps_sdram_p0
set_instance_assignment -name INPUT_TERMINATION "PARALLEL 50 OHM WITH CALIBRATION" -to HPS_DDR3_DQS_P[1] -tag __hps_sdram_p0
set_instance_assignment -name OUTPUT_TERMINATION "SERIES 50 OHM WITH CALIBRATION" -to HPS_DDR3_DQS_P[1] -tag __hps_sdram_p0
set_instance_assignment -name IO_STANDARD "DIFFERENTIAL 1.5-V SSTL CLASS I" -to HPS_DDR3_DQS_P[2] -tag __hps_sdram_p0
set_instance_assignment -name INPUT_TERMINATION "PARALLEL 50 OHM WITH CALIBRATION" -to HPS_DDR3_DQS_P[2] -tag __hps_sdram_p0
set_instance_assignment -name OUTPUT_TERMINATION "SERIES 50 OHM WITH CALIBRATION" -to HPS_DDR3_DQS_P[2] -tag __hps_sdram_p0
set_instance_assignment -name IO_STANDARD "DIFFERENTIAL 1.5-V SSTL CLASS I" -to HPS_DDR3_DQS_P[3] -tag __hps_sdram_p0
set_instance_assignment -name INPUT_TERMINATION "PARALLEL 50 OHM WITH CALIBRATION" -to HPS_DDR3_DQS_P[3] -tag __hps_sdram_p0
set_instance_assignment -name OUTPUT_TERMINATION "SERIES 50 OHM WITH CALIBRATION" -to HPS_DDR3_DQS_P[3] -tag __hps_sdram_p0
set_instance_assignment -name IO_STANDARD "DIFFERENTIAL 1.5-V SSTL CLASS I" -to HPS_DDR3_DQS_N[0] -tag __hps_sdram_p0
set_instance_assignment -name INPUT_TERMINATION "PARALLEL 50 OHM WITH CALIBRATION" -to HPS_DDR3_DQS_N[0] -tag __hps_sdram_p0
set_instance_assignment -name OUTPUT_TERMINATION "SERIES 50 OHM WITH CALIBRATION" -to HPS_DDR3_DQS_N[0] -tag __hps_sdram_p0
set_instance_assignment -name IO_STANDARD "DIFFERENTIAL 1.5-V SSTL CLASS I" -to HPS_DDR3_DQS_N[1] -tag __hps_sdram_p0
set_instance_assignment -name INPUT_TERMINATION "PARALLEL 50 OHM WITH CALIBRATION" -to HPS_DDR3_DQS_N[1] -tag __hps_sdram_p0
set_instance_assignment -name OUTPUT_TERMINATION "SERIES 50 OHM WITH CALIBRATION" -to HPS_DDR3_DQS_N[1] -tag __hps_sdram_p0
set_instance_assignment -name IO_STANDARD "DIFFERENTIAL 1.5-V SSTL CLASS I" -to HPS_DDR3_DQS_N[2] -tag __hps_sdram_p0
set_instance_assignment -name INPUT_TERMINATION "PARALLEL 50 OHM WITH CALIBRATION" -to HPS_DDR3_DQS_N[2] -tag __hps_sdram_p0
set_instance_assignment -name OUTPUT_TERMINATION "SERIES 50 OHM WITH CALIBRATION" -to HPS_DDR3_DQS_N[2] -tag __hps_sdram_p0
set_instance_assignment -name IO_STANDARD "DIFFERENTIAL 1.5-V SSTL CLASS I" -to HPS_DDR3_DQS_N[3] -tag __hps_sdram_p0
set_instance_assignment -name INPUT_TERMINATION "PARALLEL 50 OHM WITH CALIBRATION" -to HPS_DDR3_DQS_N[3] -tag __hps_sdram_p0
set_instance_assignment -name OUTPUT_TERMINATION "SERIES 50 OHM WITH CALIBRATION" -to HPS_DDR3_DQS_N[3] -tag __hps_sdram_p0
set_instance_assignment -name IO_STANDARD "DIFFERENTIAL 1.5-V SSTL CLASS I" -to HPS_DDR3_CK_P -tag __hps_sdram_p0
set_instance_assignment -name OUTPUT_TERMINATION "SERIES 50 OHM WITHOUT CALIBRATION" -to HPS_DDR3_CK_P -tag __hps_sdram_p0
set_instance_assignment -name D5_DELAY 2 -to HPS_DDR3_CK_P -tag __hps_sdram_p0
set_instance_assignment -name IO_STANDARD "DIFFERENTIAL 1.5-V SSTL CLASS I" -to HPS_DDR3_CK_N -tag __hps_sdram_p0
set_instance_assignment -name OUTPUT_TERMINATION "SERIES 50 OHM WITHOUT CALIBRATION" -to HPS_DDR3_CK_N -tag __hps_sdram_p0
set_instance_assignment -name D5_DELAY 2 -to HPS_DDR3_CK_N -tag __hps_sdram_p0
set_instance_assignment -name IO_STANDARD "SSTL-15 CLASS I" -to HPS_DDR3_ADDR[0] -tag __hps_sdram_p0
set_instance_assignment -name CURRENT_STRENGTH_NEW "MAXIMUM CURRENT" -to HPS_DDR3_ADDR[0] -tag __hps_sdram_p0
set_instance_assignment -name IO_STANDARD "SSTL-15 CLASS I" -to HPS_DDR3_ADDR[10] -tag __hps_sdram_p0
set_instance_assignment -name CURRENT_STRENGTH_NEW "MAXIMUM CURRENT" -to HPS_DDR3_ADDR[10] -tag __hps_sdram_p0
set_instance_assignment -name IO_STANDARD "SSTL-15 CLASS I" -to HPS_DDR3_ADDR[11] -tag __hps_sdram_p0
set_instance_assignment -name CURRENT_STRENGTH_NEW "MAXIMUM CURRENT" -to HPS_DDR3_ADDR[11] -tag __hps_sdram_p0
set_instance_assignment -name IO_STANDARD "SSTL-15 CLASS I" -to HPS_DDR3_ADDR[12] -tag __hps_sdram_p0
set_instance_assignment -name CURRENT_STRENGTH_NEW "MAXIMUM CURRENT" -to HPS_DDR3_ADDR[12] -tag __hps_sdram_p0
set_instance_assignment -name IO_STANDARD "SSTL-15 CLASS I" -to HPS_DDR3_ADDR[13] -tag __hps_sdram_p0
set_instance_assignment -name CURRENT_STRENGTH_NEW "MAXIMUM CURRENT" -to HPS_DDR3_ADDR[13] -tag __hps_sdram_p0
set_instance_assignment -name IO_STANDARD "SSTL-15 CLASS I" -to HPS_DDR3_ADDR[14] -tag __hps_sdram_p0
set_instance_assignment -name CURRENT_STRENGTH_NEW "MAXIMUM CURRENT" -to HPS_DDR3_ADDR[14] -tag __hps_sdram_p0
set_instance_assignment -name IO_STANDARD "SSTL-15 CLASS I" -to HPS_DDR3_ADDR[1] -tag __hps_sdram_p0
set_instance_assignment -name CURRENT_STRENGTH_NEW "MAXIMUM CURRENT" -to HPS_DDR3_ADDR[1] -tag __hps_sdram_p0
set_instance_assignment -name IO_STANDARD "SSTL-15 CLASS I" -to HPS_DDR3_ADDR[2] -tag __hps_sdram_p0
set_instance_assignment -name CURRENT_STRENGTH_NEW "MAXIMUM CURRENT" -to HPS_DDR3_ADDR[2] -tag __hps_sdram_p0
set_instance_assignment -name IO_STANDARD "SSTL-15 CLASS I" -to HPS_DDR3_ADDR[3] -tag __hps_sdram_p0
set_instance_assignment -name CURRENT_STRENGTH_NEW "MAXIMUM CURRENT" -to HPS_DDR3_ADDR[3] -tag __hps_sdram_p0
set_instance_assignment -name IO_STANDARD "SSTL-15 CLASS I" -to HPS_DDR3_ADDR[4] -tag __hps_sdram_p0
set_instance_assignment -name CURRENT_STRENGTH_NEW "MAXIMUM CURRENT" -to HPS_DDR3_ADDR[4] -tag __hps_sdram_p0
set_instance_assignment -name IO_STANDARD "SSTL-15 CLASS I" -to HPS_DDR3_ADDR[5] -tag __hps_sdram_p0
set_instance_assignment -name CURRENT_STRENGTH_NEW "MAXIMUM CURRENT" -to HPS_DDR3_ADDR[5] -tag __hps_sdram_p0
set_instance_assignment -name IO_STANDARD "SSTL-15 CLASS I" -to HPS_DDR3_ADDR[6] -tag __hps_sdram_p0
set_instance_assignment -name CURRENT_STRENGTH_NEW "MAXIMUM CURRENT" -to HPS_DDR3_ADDR[6] -tag __hps_sdram_p0
set_instance_assignment -name IO_STANDARD "SSTL-15 CLASS I" -to HPS_DDR3_ADDR[7] -tag __hps_sdram_p0
set_instance_assignment -name CURRENT_STRENGTH_NEW "MAXIMUM CURRENT" -to HPS_DDR3_ADDR[7] -tag __hps_sdram_p0
set_instance_assignment -name IO_STANDARD "SSTL-15 CLASS I" -to HPS_DDR3_ADDR[8] -tag __hps_sdram_p0
set_instance_assignment -name CURRENT_STRENGTH_NEW "MAXIMUM CURRENT" -to HPS_DDR3_ADDR[8] -tag __hps_sdram_p0
set_instance_assignment -name IO_STANDARD "SSTL-15 CLASS I" -to HPS_DDR3_ADDR[9] -tag __hps_sdram_p0
set_instance_assignment -name CURRENT_STRENGTH_NEW "MAXIMUM CURRENT" -to HPS_DDR3_ADDR[9] -tag __hps_sdram_p0
set_instance_assignment -name IO_STANDARD "SSTL-15 CLASS I" -to HPS_DDR3_BA[0] -tag __hps_sdram_p0
set_instance_assignment -name CURRENT_STRENGTH_NEW "MAXIMUM CURRENT" -to HPS_DDR3_BA[0] -tag __hps_sdram_p0
set_instance_assignment -name IO_STANDARD "SSTL-15 CLASS I" -to HPS_DDR3_BA[1] -tag __hps_sdram_p0
set_instance_assignment -name CURRENT_STRENGTH_NEW "MAXIMUM CURRENT" -to HPS_DDR3_BA[1] -tag __hps_sdram_p0
set_instance_assignment -name IO_STANDARD "SSTL-15 CLASS I" -to HPS_DDR3_BA[2] -tag __hps_sdram_p0
set_instance_assignment -name CURRENT_STRENGTH_NEW "MAXIMUM CURRENT" -to HPS_DDR3_BA[2] -tag __hps_sdram_p0
set_instance_assignment -name IO_STANDARD "SSTL-15 CLASS I" -to HPS_DDR3_CAS_N -tag __hps_sdram_p0
set_instance_assignment -name CURRENT_STRENGTH_NEW "MAXIMUM CURRENT" -to HPS_DDR3_CAS_N -tag __hps_sdram_p0
set_instance_assignment -name IO_STANDARD "SSTL-15 CLASS I" -to HPS_DDR3_CKE -tag __hps_sdram_p0
set_instance_assignment -name CURRENT_STRENGTH_NEW "MAXIMUM CURRENT" -to HPS_DDR3_CKE -tag __hps_sdram_p0
set_instance_assignment -name IO_STANDARD "SSTL-15 CLASS I" -to HPS_DDR3_CS_N -tag __hps_sdram_p0
set_instance_assignment -name CURRENT_STRENGTH_NEW "MAXIMUM CURRENT" -to HPS_DDR3_CS_N -tag __hps_sdram_p0
set_instance_assignment -name IO_STANDARD "SSTL-15 CLASS I" -to HPS_DDR3_ODT -tag __hps_sdram_p0
set_instance_assignment -name CURRENT_STRENGTH_NEW "MAXIMUM CURRENT" -to HPS_DDR3_ODT -tag __hps_sdram_p0
set_instance_assignment -name IO_STANDARD "SSTL-15 CLASS I" -to HPS_DDR3_RAS_N -tag __hps_sdram_p0
set_instance_assignment -name CURRENT_STRENGTH_NEW "MAXIMUM CURRENT" -to HPS_DDR3_RAS_N -tag __hps_sdram_p0
set_instance_assignment -name IO_STANDARD "SSTL-15 CLASS I" -to HPS_DDR3_WE_N -tag __hps_sdram_p0
set_instance_assignment -name CURRENT_STRENGTH_NEW "MAXIMUM CURRENT" -to HPS_DDR3_WE_N -tag __hps_sdram_p0
set_instance_assignment -name IO_STANDARD "SSTL-15 CLASS I" -to HPS_DDR3_RESET_N -tag __hps_sdram_p0
set_instance_assignment -name CURRENT_STRENGTH_NEW "MAXIMUM CURRENT" -to HPS_DDR3_RESET_N -tag __hps_sdram_p0
set_instance_assignment -name IO_STANDARD "SSTL-15 CLASS I" -to HPS_DDR3_DM[0] -tag __hps_sdram_p0
set_instance_assignment -name OUTPUT_TERMINATION "SERIES 50 OHM WITH CALIBRATION" -to HPS_DDR3_DM[0] -tag __hps_sdram_p0
set_instance_assignment -name IO_STANDARD "SSTL-15 CLASS I" -to HPS_DDR3_DM[1] -tag __hps_sdram_p0
set_instance_assignment -name OUTPUT_TERMINATION "SERIES 50 OHM WITH CALIBRATION" -to HPS_DDR3_DM[1] -tag __hps_sdram_p0
set_instance_assignment -name IO_STANDARD "SSTL-15 CLASS I" -to HPS_DDR3_DM[2] -tag __hps_sdram_p0
set_instance_assignment -name OUTPUT_TERMINATION "SERIES 50 OHM WITH CALIBRATION" -to HPS_DDR3_DM[2] -tag __hps_sdram_p0
set_instance_assignment -name IO_STANDARD "SSTL-15 CLASS I" -to HPS_DDR3_DM[3] -tag __hps_sdram_p0
set_instance_assignment -name OUTPUT_TERMINATION "SERIES 50 OHM WITH CALIBRATION" -to HPS_DDR3_DM[3] -tag __hps_sdram_p0
set_instance_assignment -name PACKAGE_SKEW_COMPENSATION OFF -to HPS_DDR3_DQ[0] -tag __hps_sdram_p0
set_instance_assignment -name PACKAGE_SKEW_COMPENSATION OFF -to HPS_DDR3_DQ[1] -tag __hps_sdram_p0
set_instance_assignment -name PACKAGE_SKEW_COMPENSATION OFF -to HPS_DDR3_DQ[2] -tag __hps_sdram_p0
set_instance_assignment -name PACKAGE_SKEW_COMPENSATION OFF -to HPS_DDR3_DQ[3] -tag __hps_sdram_p0
set_instance_assignment -name PACKAGE_SKEW_COMPENSATION OFF -to HPS_DDR3_DQ[4] -tag __hps_sdram_p0
set_instance_assignment -name PACKAGE_SKEW_COMPENSATION OFF -to HPS_DDR3_DQ[5] -tag __hps_sdram_p0
set_instance_assignment -name PACKAGE_SKEW_COMPENSATION OFF -to HPS_DDR3_DQ[6] -tag __hps_sdram_p0
set_instance_assignment -name PACKAGE_SKEW_COMPENSATION OFF -to HPS_DDR3_DQ[7] -tag __hps_sdram_p0
set_instance_assignment -name PACKAGE_SKEW_COMPENSATION OFF -to HPS_DDR3_DQ[8] -tag __hps_sdram_p0
set_instance_assignment -name PACKAGE_SKEW_COMPENSATION OFF -to HPS_DDR3_DQ[9] -tag __hps_sdram_p0
set_instance_assignment -name PACKAGE_SKEW_COMPENSATION OFF -to HPS_DDR3_DQ[10] -tag __hps_sdram_p0
set_instance_assignment -name PACKAGE_SKEW_COMPENSATION OFF -to HPS_DDR3_DQ[11] -tag __hps_sdram_p0
set_instance_assignment -name PACKAGE_SKEW_COMPENSATION OFF -to HPS_DDR3_DQ[12] -tag __hps_sdram_p0
set_instance_assignment -name PACKAGE_SKEW_COMPENSATION OFF -to HPS_DDR3_DQ[13] -tag __hps_sdram_p0
set_instance_assignment -name PACKAGE_SKEW_COMPENSATION OFF -to HPS_DDR3_DQ[14] -tag __hps_sdram_p0
set_instance_assignment -name PACKAGE_SKEW_COMPENSATION OFF -to HPS_DDR3_DQ[15] -tag __hps_sdram_p0
set_instance_assignment -name PACKAGE_SKEW_COMPENSATION OFF -to HPS_DDR3_DQ[16] -tag __hps_sdram_p0
set_instance_assignment -name PACKAGE_SKEW_COMPENSATION OFF -to HPS_DDR3_DQ[17] -tag __hps_sdram_p0
set_instance_assignment -name PACKAGE_SKEW_COMPENSATION OFF -to HPS_DDR3_DQ[18] -tag __hps_sdram_p0
set_instance_assignment -name PACKAGE_SKEW_COMPENSATION OFF -to HPS_DDR3_DQ[19] -tag __hps_sdram_p0
set_instance_assignment -name PACKAGE_SKEW_COMPENSATION OFF -to HPS_DDR3_DQ[20] -tag __hps_sdram_p0
set_instance_assignment -name PACKAGE_SKEW_COMPENSATION OFF -to HPS_DDR3_DQ[21] -tag __hps_sdram_p0
set_instance_assignment -name PACKAGE_SKEW_COMPENSATION OFF -to HPS_DDR3_DQ[22] -tag __hps_sdram_p0
set_instance_assignment -name PACKAGE_SKEW_COMPENSATION OFF -to HPS_DDR3_DQ[23] -tag __hps_sdram_p0
set_instance_assignment -name PACKAGE_SKEW_COMPENSATION OFF -to HPS_DDR3_DQ[24] -tag __hps_sdram_p0
set_instance_assignment -name PACKAGE_SKEW_COMPENSATION OFF -to HPS_DDR3_DQ[25] -tag __hps_sdram_p0
set_instance_assignment -name PACKAGE_SKEW_COMPENSATION OFF -to HPS_DDR3_DQ[26] -tag __hps_sdram_p0
set_instance_assignment -name PACKAGE_SKEW_COMPENSATION OFF -to HPS_DDR3_DQ[27] -tag __hps_sdram_p0
set_instance_assignment -name PACKAGE_SKEW_COMPENSATION OFF -to HPS_DDR3_DQ[28] -tag __hps_sdram_p0
set_instance_assignment -name PACKAGE_SKEW_COMPENSATION OFF -to HPS_DDR3_DQ[29] -tag __hps_sdram_p0
set_instance_assignment -name PACKAGE_SKEW_COMPENSATION OFF -to HPS_DDR3_DQ[30] -tag __hps_sdram_p0
set_instance_assignment -name PACKAGE_SKEW_COMPENSATION OFF -to HPS_DDR3_DQ[31] -tag __hps_sdram_p0
set_instance_assignment -name PACKAGE_SKEW_COMPENSATION OFF -to HPS_DDR3_DM[0] -tag __hps_sdram_p0
set_instance_assignment -name PACKAGE_SKEW_COMPENSATION OFF -to HPS_DDR3_DM[1] -tag __hps_sdram_p0
set_instance_assignment -name PACKAGE_SKEW_COMPENSATION OFF -to HPS_DDR3_DM[2] -tag __hps_sdram_p0
set_instance_assignment -name PACKAGE_SKEW_COMPENSATION OFF -to HPS_DDR3_DM[3] -tag __hps_sdram_p0
set_instance_assignment -name PACKAGE_SKEW_COMPENSATION OFF -to HPS_DDR3_DQS_P[0] -tag __hps_sdram_p0
set_instance_assignment -name PACKAGE_SKEW_COMPENSATION OFF -to HPS_DDR3_DQS_P[1] -tag __hps_sdram_p0
set_instance_assignment -name PACKAGE_SKEW_COMPENSATION OFF -to HPS_DDR3_DQS_P[2] -tag __hps_sdram_p0
set_instance_assignment -name PACKAGE_SKEW_COMPENSATION OFF -to HPS_DDR3_DQS_P[3] -tag __hps_sdram_p0
set_instance_assignment -name PACKAGE_SKEW_COMPENSATION OFF -to HPS_DDR3_DQS_N[0] -tag __hps_sdram_p0
set_instance_assignment -name PACKAGE_SKEW_COMPENSATION OFF -to HPS_DDR3_DQS_N[1] -tag __hps_sdram_p0
set_instance_assignment -name PACKAGE_SKEW_COMPENSATION OFF -to HPS_DDR3_DQS_N[2] -tag __hps_sdram_p0
set_instance_assignment -name PACKAGE_SKEW_COMPENSATION OFF -to HPS_DDR3_DQS_N[3] -tag __hps_sdram_p0
set_instance_assignment -name PACKAGE_SKEW_COMPENSATION OFF -to HPS_DDR3_ADDR[0] -tag __hps_sdram_p0
set_instance_assignment -name PACKAGE_SKEW_COMPENSATION OFF -to HPS_DDR3_ADDR[10] -tag __hps_sdram_p0
set_instance_assignment -name PACKAGE_SKEW_COMPENSATION OFF -to HPS_DDR3_ADDR[11] -tag __hps_sdram_p0
set_instance_assignment -name PACKAGE_SKEW_COMPENSATION OFF -to HPS_DDR3_ADDR[12] -tag __hps_sdram_p0
set_instance_assignment -name PACKAGE_SKEW_COMPENSATION OFF -to HPS_DDR3_ADDR[13] -tag __hps_sdram_p0
set_instance_assignment -name PACKAGE_SKEW_COMPENSATION OFF -to HPS_DDR3_ADDR[14] -tag __hps_sdram_p0
set_instance_assignment -name PACKAGE_SKEW_COMPENSATION OFF -to HPS_DDR3_ADDR[1] -tag __hps_sdram_p0
set_instance_assignment -name PACKAGE_SKEW_COMPENSATION OFF -to HPS_DDR3_ADDR[2] -tag __hps_sdram_p0
set_instance_assignment -name PACKAGE_SKEW_COMPENSATION OFF -to HPS_DDR3_ADDR[3] -tag __hps_sdram_p0
set_instance_assignment -name PACKAGE_SKEW_COMPENSATION OFF -to HPS_DDR3_ADDR[4] -tag __hps_sdram_p0
set_instance_assignment -name PACKAGE_SKEW_COMPENSATION OFF -to HPS_DDR3_ADDR[5] -tag __hps_sdram_p0
set_instance_assignment -name PACKAGE_SKEW_COMPENSATION OFF -to HPS_DDR3_ADDR[6] -tag __hps_sdram_p0
set_instance_assignment -name PACKAGE_SKEW_COMPENSATION OFF -to HPS_DDR3_ADDR[7] -tag __hps_sdram_p0
set_instance_assignment -name PACKAGE_SKEW_COMPENSATION OFF -to HPS_DDR3_ADDR[8] -tag __hps_sdram_p0
set_instance_assignment -name PACKAGE_SKEW_COMPENSATION OFF -to HPS_DDR3_ADDR[9] -tag __hps_sdram_p0
set_instance_assignment -name PACKAGE_SKEW_COMPENSATION OFF -to HPS_DDR3_BA[0] -tag __hps_sdram_p0
set_instance_assignment -name PACKAGE_SKEW_COMPENSATION OFF -to HPS_DDR3_BA[1] -tag __hps_sdram_p0
set_instance_assignment -name PACKAGE_SKEW_COMPENSATION OFF -to HPS_DDR3_BA[2] -tag __hps_sdram_p0
set_instance_assignment -name PACKAGE_SKEW_COMPENSATION OFF -to HPS_DDR3_CAS_N -tag __hps_sdram_p0
set_instance_assignment -name PACKAGE_SKEW_COMPENSATION OFF -to HPS_DDR3_CKE -tag __hps_sdram_p0
set_instance_assignment -name PACKAGE_SKEW_COMPENSATION OFF -to HPS_DDR3_CS_N -tag __hps_sdram_p0
set_instance_assignment -name PACKAGE_SKEW_COMPENSATION OFF -to HPS_DDR3_ODT -tag __hps_sdram_p0
set_instance_assignment -name PACKAGE_SKEW_COMPENSATION OFF -to HPS_DDR3_RAS_N -tag __hps_sdram_p0
set_instance_assignment -name PACKAGE_SKEW_COMPENSATION OFF -to HPS_DDR3_WE_N -tag __hps_sdram_p0
set_instance_assignment -name PACKAGE_SKEW_COMPENSATION OFF -to HPS_DDR3_RESET_N -tag __hps_sdram_p0
set_instance_assignment -name PACKAGE_SKEW_COMPENSATION OFF -to HPS_DDR3_CK_P -tag __hps_sdram_p0
set_instance_assignment -name PACKAGE_SKEW_COMPENSATION OFF -to HPS_DDR3_CK_N -tag __hps_sdram_p0
set_instance_assignment -name GLOBAL_SIGNAL OFF -to inst10|u0|hps_0|hps_io|border|hps_sdram_inst|p0|umemphy|ureset|phy_reset_mem_stable_n -tag __hps_sdram_p0
set_instance_assignment -name GLOBAL_SIGNAL OFF -to inst10|u0|hps_0|hps_io|border|hps_sdram_inst|p0|umemphy|ureset|phy_reset_n -tag __hps_sdram_p0
set_instance_assignment -name GLOBAL_SIGNAL OFF -to inst10|u0|hps_0|hps_io|border|hps_sdram_inst|p0|umemphy|uio_pads|dq_ddio[0].read_capture_clk_buffer -tag __hps_sdram_p0
set_instance_assignment -name GLOBAL_SIGNAL OFF -to inst10|u0|hps_0|hps_io|border|hps_sdram_inst|p0|umemphy|uread_datapath|reset_n_fifo_write_side[0] -tag __hps_sdram_p0
set_instance_assignment -name GLOBAL_SIGNAL OFF -to inst10|u0|hps_0|hps_io|border|hps_sdram_inst|p0|umemphy|uread_datapath|reset_n_fifo_wraddress[0] -tag __hps_sdram_p0
set_instance_assignment -name GLOBAL_SIGNAL OFF -to inst10|u0|hps_0|hps_io|border|hps_sdram_inst|p0|umemphy|uio_pads|dq_ddio[1].read_capture_clk_buffer -tag __hps_sdram_p0
set_instance_assignment -name GLOBAL_SIGNAL OFF -to inst10|u0|hps_0|hps_io|border|hps_sdram_inst|p0|umemphy|uread_datapath|reset_n_fifo_write_side[1] -tag __hps_sdram_p0
set_instance_assignment -name GLOBAL_SIGNAL OFF -to inst10|u0|hps_0|hps_io|border|hps_sdram_inst|p0|umemphy|uread_datapath|reset_n_fifo_wraddress[1] -tag __hps_sdram_p0
set_instance_assignment -name GLOBAL_SIGNAL OFF -to inst10|u0|hps_0|hps_io|border|hps_sdram_inst|p0|umemphy|uio_pads|dq_ddio[2].read_capture_clk_buffer -tag __hps_sdram_p0
set_instance_assignment -name GLOBAL_SIGNAL OFF -to inst10|u0|hps_0|hps_io|border|hps_sdram_inst|p0|umemphy|uread_datapath|reset_n_fifo_write_side[2] -tag __hps_sdram_p0
set_instance_assignment -name GLOBAL_SIGNAL OFF -to inst10|u0|hps_0|hps_io|border|hps_sdram_inst|p0|umemphy|uread_datapath|reset_n_fifo_wraddress[2] -tag __hps_sdram_p0
set_instance_assignment -name GLOBAL_SIGNAL OFF -to inst10|u0|hps_0|hps_io|border|hps_sdram_inst|p0|umemphy|uio_pads|dq_ddio[3].read_capture_clk_buffer -tag __hps_sdram_p0
set_instance_assignment -name GLOBAL_SIGNAL OFF -to inst10|u0|hps_0|hps_io|border|hps_sdram_inst|p0|umemphy|uread_datapath|reset_n_fifo_write_side[3] -tag __hps_sdram_p0
set_instance_assignment -name GLOBAL_SIGNAL OFF -to inst10|u0|hps_0|hps_io|border|hps_sdram_inst|p0|umemphy|uread_datapath|reset_n_fifo_wraddress[3] -tag __hps_sdram_p0
set_instance_assignment -name ENABLE_BENEFICIAL_SKEW_OPTIMIZATION_FOR_NON_GLOBAL_CLOCKS ON -to inst10|u0|hps_0|hps_io|border|hps_sdram_inst -tag __hps_sdram_p0
set_instance_assignment -name PLL_COMPENSATION_MODE DIRECT -to inst10|u0|hps_0|hps_io|border|hps_sdram_inst|pll0|fbout -tag __hps_sdram_p0
set_instance_assignment -name GLOBAL_SIGNAL GLOBAL_CLOCK -to CLOCK_50
set_instance_assignment -name GLOBAL_SIGNAL GLOBAL_CLOCK -to "clock150:inst7|clock150_pll_0:pll_0|outclk_0"
set_instance_assignment -name GLOBAL_SIGNAL GLOBAL_CLOCK -to clk_50
set_instance_assignment -name GLOBAL_SIGNAL GLOBAL_CLOCK -to pll_150
set_global_assignment -name PARTITION_NETLIST_TYPE SOURCE -section_id Top
set_global_assignment -name PARTITION_FITTER_PRESERVATION_LEVEL PLACEMENT_AND_ROUTING -section_id Top
set_global_assignment -name PARTITION_COLOR 16764057 -section_id Top
set_global_assignment -name VHDL_FILE source/window_function.vhd
set_global_assignment -name QIP_FILE ../10log10/source/f2f/fix_to_float.qip
set_global_assignment -name BDF_FILE source/dsp_window.bdf
set_global_assignment -name QIP_FILE ../vga/qsys/soc_system/synthesis/soc_system.qip
set_global_assignment -name VHDL_FILE source/fft_magnitude.vhd
set_global_assignment -name SDC_FILE SDC1.sdc
set_global_assignment -name VERILOG_FILE ../vga/source/debounce.v
set_global_assignment -name VERILOG_FILE ../vga/source/altera_edge_detector.v
set_global_assignment -name VHDL_FILE ../vga/source/top_level.vhd
set_global_assignment -name VHDL_FILE ../ADC_DCC/source/ADC_DCC.vhd
set_global_assignment -name VHDL_FILE ../packet_decimator/source/packet_decimator.vhd
set_global_assignment -name QSYS_FILE ../10log10/qsys/log_fifo.qsys
set_global_assignment -name QSYS_FILE qsys/clock150.qsys
set_global_assignment -name BDF_FILE source/fft_top.bdf
set_global_assignment -name BDF_FILE source/dsp_test_block.bdf
set_global_assignment -name VHDL_FILE source/FFT_Result_Manager_Modified.vhd
set_global_assignment -name QSYS_FILE qsys/FFT.qsys
set_global_assignment -name VHDL_FILE source/packetizer.vhd
set_global_assignment -name VHDL_FILE source/FFT_Controller_Modified.vhd
set_global_assignment -name VHDL_FILE source/Data_Transfer.vhd
set_global_assignment -name BDF_FILE source/dsp_top.bdf
set_global_assignment -name SIGNALTAP_FILE stp1.stp
set_global_assignment -name VHDL_FILE source/three_filter.vhd
set_global_assignment -name MIF_FILE source/mif_hann2.mif
set_global_assignment -name MIF_FILE source/mif_hann14.mif
set_instance_assignment -name PARTITION_HIERARCHY root_partition -to | -section_id Top
set_global_assignment -name SLD_FILE db/stp1_auto_stripped.stp